
Microsoft Visual Studio Solution File, Format Version 12.00
# Visual Studio 2013
VisualStudioVersion = 12.0.21005.1
MinimumVisualStudioVersion = 10.0.40219.1
Project("{FAE04EC0-301F-11D3-BF4B-00C04F79EFBC}") = "Pinochle_Game", "Pinochle_Game\Pinochle_Game.csproj", "{934F71CA-01A2-4572-BD8C-0D19B9D1D70A}"
EndProject
Project("{FAE04EC0-301F-11D3-BF4B-00C04F79EFBC}") = "Pinochle_Tests", "ClassLibrary1\Pinochle_Tests.csproj", "{794A267E-E1EB-4C76-B5C2-5372CDF96B83}"
EndProject
Project("{2150E333-8FDC-42A3-9474-1A3956D46DE8}") = ".nuget", ".nuget", "{764AA0B6-19F7-4407-901E-64BA17A0BEEA}"
	ProjectSection(SolutionItems) = preProject
		.nuget\packages.config = .nuget\packages.config
	EndProjectSection
EndProject
Project("{FAE04EC0-301F-11D3-BF4B-00C04F79EFBC}") = "ConsoleTests", "ConsoleTests\ConsoleTests.csproj", "{99E340A7-C395-4AFC-94A6-489BF694DA89}"
EndProject
Global
	GlobalSection(SolutionConfigurationPlatforms) = preSolution
		Debug|Any CPU = Debug|Any CPU
		Release|Any CPU = Release|Any CPU
	EndGlobalSection
	GlobalSection(ProjectConfigurationPlatforms) = postSolution
		{934F71CA-01A2-4572-BD8C-0D19B9D1D70A}.Debug|Any CPU.ActiveCfg = Debug|Any CPU
		{934F71CA-01A2-4572-BD8C-0D19B9D1D70A}.Debug|Any CPU.Build.0 = Debug|Any CPU
		{934F71CA-01A2-4572-BD8C-0D19B9D1D70A}.Release|Any CPU.ActiveCfg = Release|Any CPU
		{934F71CA-01A2-4572-BD8C-0D19B9D1D70A}.Release|Any CPU.Build.0 = Release|Any CPU
		{794A267E-E1EB-4C76-B5C2-5372CDF96B83}.Debug|Any CPU.ActiveCfg = Debug|Any CPU
		{794A267E-E1EB-4C76-B5C2-5372CDF96B83}.Debug|Any CPU.Build.0 = Debug|Any CPU
		{794A267E-E1EB-4C76-B5C2-5372CDF96B83}.Release|Any CPU.ActiveCfg = Release|Any CPU
		{794A267E-E1EB-4C76-B5C2-5372CDF96B83}.Release|Any CPU.Build.0 = Release|Any CPU
		{99E340A7-C395-4AFC-94A6-489BF694DA89}.Debug|Any CPU.ActiveCfg = Debug|Any CPU
		{99E340A7-C395-4AFC-94A6-489BF694DA89}.Debug|Any CPU.Build.0 = Debug|Any CPU
		{99E340A7-C395-4AFC-94A6-489BF694DA89}.Release|Any CPU.ActiveCfg = Release|Any CPU
		{99E340A7-C395-4AFC-94A6-489BF694DA89}.Release|Any CPU.Build.0 = Release|Any CPU
	EndGlobalSection
	GlobalSection(SolutionProperties) = preSolution
		HideSolutionNode = FALSE
	EndGlobalSection
EndGlobal
